// !$*UTF8*$!
{
	archiveVersion = 1;
	classes = {
	};
	objectVersion = 77;
	objects = {

/* Begin PBXBuildFile section */
		B3D908742D226857007811A6 /* RxBlocking in Frameworks */ = {isa = PBXBuildFile; productRef = B3D908732D226857007811A6 /* RxBlocking */; };
		B3D908762D226857007811A6 /* RxCocoa in Frameworks */ = {isa = PBXBuildFile; productRef = B3D908752D226857007811A6 /* RxCocoa */; };
		B3D908782D226857007811A6 /* RxRelay in Frameworks */ = {isa = PBXBuildFile; productRef = B3D908772D226857007811A6 /* RxRelay */; };
/* End PBXBuildFile section */

/* Begin PBXContainerItemProxy section */
		B3D908282D2259FA007811A6 /* PBXContainerItemProxy */ = {
			isa = PBXContainerItemProxy;
			containerPortal = B3D908092D2259F8007811A6 /* Project object */;
			proxyType = 1;
			remoteGlobalIDString = B3D908102D2259F8007811A6;
			remoteInfo = Sparta10_Pokedex;
		};
		B3D908322D2259FA007811A6 /* PBXContainerItemProxy */ = {
			isa = PBXContainerItemProxy;
			containerPortal = B3D908092D2259F8007811A6 /* Project object */;
			proxyType = 1;
			remoteGlobalIDString = B3D908102D2259F8007811A6;
			remoteInfo = Sparta10_Pokedex;
		};
/* End PBXContainerItemProxy section */

/* Begin PBXFileReference section */
		B3D908112D2259F8007811A6 /* Sparta10_Pokedex.app */ = {isa = PBXFileReference; explicitFileType = wrapper.application; includeInIndex = 0; path = Sparta10_Pokedex.app; sourceTree = BUILT_PRODUCTS_DIR; };
		B3D908272D2259FA007811A6 /* Sparta10_PokedexTests.xctest */ = {isa = PBXFileReference; explicitFileType = wrapper.cfbundle; includeInIndex = 0; path = Sparta10_PokedexTests.xctest; sourceTree = BUILT_PRODUCTS_DIR; };
		B3D908312D2259FA007811A6 /* Sparta10_PokedexUITests.xctest */ = {isa = PBXFileReference; explicitFileType = wrapper.cfbundle; includeInIndex = 0; path = Sparta10_PokedexUITests.xctest; sourceTree = BUILT_PRODUCTS_DIR; };
/* End PBXFileReference section */

/* Begin PBXFileSystemSynchronizedBuildFileExceptionSet section */
		B3D908392D2259FA007811A6 /* Exceptions for "Sparta10_Pokedex" folder in "Sparta10_Pokedex" target */ = {
			isa = PBXFileSystemSynchronizedBuildFileExceptionSet;
			membershipExceptions = (
				Info.plist,
			);
			target = B3D908102D2259F8007811A6 /* Sparta10_Pokedex */;
		};
/* End PBXFileSystemSynchronizedBuildFileExceptionSet section */

/* Begin PBXFileSystemSynchronizedRootGroup section */
		B3D908132D2259F8007811A6 /* Sparta10_Pokedex */ = {
			isa = PBXFileSystemSynchronizedRootGroup;
			exceptions = (
				B3D908392D2259FA007811A6 /* Exceptions for "Sparta10_Pokedex" folder in "Sparta10_Pokedex" target */,
			);
			path = Sparta10_Pokedex;
			sourceTree = "<group>";
		};
		B3D9082A2D2259FA007811A6 /* Sparta10_PokedexTests */ = {
			isa = PBXFileSystemSynchronizedRootGroup;
			path = Sparta10_PokedexTests;
			sourceTree = "<group>";
		};
		B3D908342D2259FA007811A6 /* Sparta10_PokedexUITests */ = {
			isa = PBXFileSystemSynchronizedRootGroup;
			path = Sparta10_PokedexUITests;
			sourceTree = "<group>";
		};
/* End PBXFileSystemSynchronizedRootGroup section */

/* Begin PBXFrameworksBuildPhase section */
		B3D9080E2D2259F8007811A6 /* Frameworks */ = {
			isa = PBXFrameworksBuildPhase;
			buildActionMask = 2147483647;
			files = (
				B3D908782D226857007811A6 /* RxRelay in Frameworks */,
				B3D908762D226857007811A6 /* RxCocoa in Frameworks */,
				B3D908742D226857007811A6 /* RxBlocking in Frameworks */,
			);
			runOnlyForDeploymentPostprocessing = 0;
		};
		B3D908242D2259FA007811A6 /* Frameworks */ = {
			isa = PBXFrameworksBuildPhase;
			buildActionMask = 2147483647;
			files = (
			);
			runOnlyForDeploymentPostprocessing = 0;
		};
		B3D9082E2D2259FA007811A6 /* Frameworks */ = {
			isa = PBXFrameworksBuildPhase;
			buildActionMask = 2147483647;
			files = (
			);
			runOnlyForDeploymentPostprocessing = 0;
		};
/* End PBXFrameworksBuildPhase section */

/* Begin PBXGroup section */
		B3D908082D2259F8007811A6 = {
			isa = PBXGroup;
			children = (
				B3D908132D2259F8007811A6 /* Sparta10_Pokedex */,
				B3D9082A2D2259FA007811A6 /* Sparta10_PokedexTests */,
				B3D908342D2259FA007811A6 /* Sparta10_PokedexUITests */,
				B3D908122D2259F8007811A6 /* Products */,
			);
			sourceTree = "<group>";
		};
		B3D908122D2259F8007811A6 /* Products */ = {
			isa = PBXGroup;
			children = (
				B3D908112D2259F8007811A6 /* Sparta10_Pokedex.app */,
				B3D908272D2259FA007811A6 /* Sparta10_PokedexTests.xctest */,
				B3D908312D2259FA007811A6 /* Sparta10_PokedexUITests.xctest */,
			);
			name = Products;
			sourceTree = "<group>";
		};
/* End PBXGroup section */

/* Begin PBXNativeTarget section */
		B3D908102D2259F8007811A6 /* Sparta10_Pokedex */ = {
			isa = PBXNativeTarget;
			buildConfigurationList = B3D9083A2D2259FA007811A6 /* Build configuration list for PBXNativeTarget "Sparta10_Pokedex" */;
			buildPhases = (
				B3D9080D2D2259F8007811A6 /* Sources */,
				B3D9080E2D2259F8007811A6 /* Frameworks */,
				B3D9080F2D2259F8007811A6 /* Resources */,
			);
			buildRules = (
			);
			dependencies = (
			);
			fileSystemSynchronizedGroups = (
				B3D908132D2259F8007811A6 /* Sparta10_Pokedex */,
			);
			name = Sparta10_Pokedex;
			packageProductDependencies = (
				B3D908732D226857007811A6 /* RxBlocking */,
				B3D908752D226857007811A6 /* RxCocoa */,
				B3D908772D226857007811A6 /* RxRelay */,
			);
			productName = Sparta10_Pokedex;
			productReference = B3D908112D2259F8007811A6 /* Sparta10_Pokedex.app */;
			productType = "com.apple.product-type.application";
		};
		B3D908262D2259FA007811A6 /* Sparta10_PokedexTests */ = {
			isa = PBXNativeTarget;
			buildConfigurationList = B3D9083F2D2259FA007811A6 /* Build configuration list for PBXNativeTarget "Sparta10_PokedexTests" */;
			buildPhases = (
				B3D908232D2259FA007811A6 /* Sources */,
				B3D908242D2259FA007811A6 /* Frameworks */,
				B3D908252D2259FA007811A6 /* Resources */,
			);
			buildRules = (
			);
			dependencies = (
				B3D908292D2259FA007811A6 /* PBXTargetDependency */,
			);
			fileSystemSynchronizedGroups = (
				B3D9082A2D2259FA007811A6 /* Sparta10_PokedexTests */,
			);
			name = Sparta10_PokedexTests;
			packageProductDependencies = (
			);
			productName = Sparta10_PokedexTests;
			productReference = B3D908272D2259FA007811A6 /* Sparta10_PokedexTests.xctest */;
			productType = "com.apple.product-type.bundle.unit-test";
		};
		B3D908302D2259FA007811A6 /* Sparta10_PokedexUITests */ = {
			isa = PBXNativeTarget;
			buildConfigurationList = B3D908422D2259FA007811A6 /* Build configuration list for PBXNativeTarget "Sparta10_PokedexUITests" */;
			buildPhases = (
				B3D9082D2D2259FA007811A6 /* Sources */,
				B3D9082E2D2259FA007811A6 /* Frameworks */,
				B3D9082F2D2259FA007811A6 /* Resources */,
			);
			buildRules = (
			);
			dependencies = (
				B3D908332D2259FA007811A6 /* PBXTargetDependency */,
			);
			fileSystemSynchronizedGroups = (
				B3D908342D2259FA007811A6 /* Sparta10_PokedexUITests */,
			);
			name = Sparta10_PokedexUITests;
			packageProductDependencies = (
			);
			productName = Sparta10_PokedexUITests;
			productReference = B3D908312D2259FA007811A6 /* Sparta10_PokedexUITests.xctest */;
			productType = "com.apple.product-type.bundle.ui-testing";
		};
/* End PBXNativeTarget section */

/* Begin PBXProject section */
		B3D908092D2259F8007811A6 /* Project object */ = {
			isa = PBXProject;
			attributes = {
				BuildIndependentTargetsInParallel = 1;
				LastSwiftUpdateCheck = 1610;
				LastUpgradeCheck = 1610;
				TargetAttributes = {
					B3D908102D2259F8007811A6 = {
						CreatedOnToolsVersion = 16.1;
					};
					B3D908262D2259FA007811A6 = {
						CreatedOnToolsVersion = 16.1;
						TestTargetID = B3D908102D2259F8007811A6;
					};
					B3D908302D2259FA007811A6 = {
						CreatedOnToolsVersion = 16.1;
						TestTargetID = B3D908102D2259F8007811A6;
					};
				};
			};
			buildConfigurationList = B3D9080C2D2259F8007811A6 /* Build configuration list for PBXProject "Sparta10_Pokedex" */;
			developmentRegion = en;
			hasScannedForEncodings = 0;
			knownRegions = (
				en,
				Base,
			);
			mainGroup = B3D908082D2259F8007811A6;
			minimizedProjectReferenceProxies = 1;
			packageReferences = (
				B3D908722D226857007811A6 /* XCRemoteSwiftPackageReference "RxSwift" */,
			);
			preferredProjectObjectVersion = 77;
			productRefGroup = B3D908122D2259F8007811A6 /* Products */;
			projectDirPath = "";
			projectRoot = "";
			targets = (
				B3D908102D2259F8007811A6 /* Sparta10_Pokedex */,
				B3D908262D2259FA007811A6 /* Sparta10_PokedexTests */,
				B3D908302D2259FA007811A6 /* Sparta10_PokedexUITests */,
			);
		};
/* End PBXProject section */

/* Begin PBXResourcesBuildPhase section */
		B3D9080F2D2259F8007811A6 /* Resources */ = {
			isa = PBXResourcesBuildPhase;
			buildActionMask = 2147483647;
			files = (
			);
			runOnlyForDeploymentPostprocessing = 0;
		};
		B3D908252D2259FA007811A6 /* Resources */ = {
			isa = PBXResourcesBuildPhase;
			buildActionMask = 2147483647;
			files = (
			);
			runOnlyForDeploymentPostprocessing = 0;
		};
		B3D9082F2D2259FA007811A6 /* Resources */ = {
			isa = PBXResourcesBuildPhase;
			buildActionMask = 2147483647;
			files = (
			);
			runOnlyForDeploymentPostprocessing = 0;
		};
/* End PBXResourcesBuildPhase section */

/* Begin PBXSourcesBuildPhase section */
		B3D9080D2D2259F8007811A6 /* Sources */ = {
			isa = PBXSourcesBuildPhase;
			buildActionMask = 2147483647;
			files = (
			);
			runOnlyForDeploymentPostprocessing = 0;
		};
		B3D908232D2259FA007811A6 /* Sources */ = {
			isa = PBXSourcesBuildPhase;
			buildActionMask = 2147483647;
			files = (
			);
			runOnlyForDeploymentPostprocessing = 0;
		};
		B3D9082D2D2259FA007811A6 /* Sources */ = {
			isa = PBXSourcesBuildPhase;
			buildActionMask = 2147483647;
			files = (
			);
			runOnlyForDeploymentPostprocessing = 0;
		};
/* End PBXSourcesBuildPhase section */

/* Begin PBXTargetDependency section */
		B3D908292D2259FA007811A6 /* PBXTargetDependency */ = {
			isa = PBXTargetDependency;
			target = B3D908102D2259F8007811A6 /* Sparta10_Pokedex */;
			targetProxy = B3D908282D2259FA007811A6 /* PBXContainerItemProxy */;
		};
		B3D908332D2259FA007811A6 /* PBXTargetDependency */ = {
			isa = PBXTargetDependency;
			target = B3D908102D2259F8007811A6 /* Sparta10_Pokedex */;
			targetProxy = B3D908322D2259FA007811A6 /* PBXContainerItemProxy */;
		};
/* End PBXTargetDependency section */

/* Begin XCBuildConfiguration section */
		B3D9083B2D2259FA007811A6 /* Debug */ = {
			isa = XCBuildConfiguration;
			buildSettings = {
				ASSETCATALOG_COMPILER_APPICON_NAME = AppIcon;
				ASSETCATALOG_COMPILER_GLOBAL_ACCENT_COLOR_NAME = AccentColor;
				CODE_SIGN_STYLE = Automatic;
				CURRENT_PROJECT_VERSION = 1;
				GENERATE_INFOPLIST_FILE = YES;
				INFOPLIST_FILE = Sparta10_Pokedex/Info.plist;
				INFOPLIST_KEY_UIApplicationSupportsIndirectInputEvents = YES;
				INFOPLIST_KEY_UILaunchStoryboardName = LaunchScreen;
				INFOPLIST_KEY_UISupportedInterfaceOrientations_iPad = "UIInterfaceOrientationPortrait UIInterfaceOrientationPortraitUpsideDown UIInterfaceOrientationLandscapeLeft UIInterfaceOrientationLandscapeRight";
				INFOPLIST_KEY_UISupportedInterfaceOrientations_iPhone = "UIInterfaceOrientationPortrait UIInterfaceOrientationLandscapeLeft UIInterfaceOrientationLandscapeRight";
				LD_RUNPATH_SEARCH_PATHS = (
					"$(inherited)",
					"@executable_path/Frameworks",
				);
				MARKETING_VERSION = 1.0;
				PRODUCT_BUNDLE_IDENTIFIER = "com.soy.Sparta10-Pokedex";
				PRODUCT_NAME = "$(TARGET_NAME)";
				SWIFT_EMIT_LOC_STRINGS = YES;
				SWIFT_VERSION = 5.0;
				TARGETED_DEVICE_FAMILY = "1,2";
			};
			name = Debug;
		};
		B3D9083C2D2259FA007811A6 /* Release */ = {
			isa = XCBuildConfiguration;
			buildSettings = {
				ASSETCATALOG_COMPILER_APPICON_NAME = AppIcon;
				ASSETCATALOG_COMPILER_GLOBAL_ACCENT_COLOR_NAME = AccentColor;
				CODE_SIGN_STYLE = Automatic;
				CURRENT_PROJECT_VERSION = 1;
				GENERATE_INFOPLIST_FILE = YES;
				INFOPLIST_FILE = Sparta10_Pokedex/Info.plist;
				INFOPLIST_KEY_UIApplicationSupportsIndirectInputEvents = YES;
				INFOPLIST_KEY_UILaunchStoryboardName = LaunchScreen;
				INFOPLIST_KEY_UISupportedInterfaceOrientations_iPad = "UIInterfaceOrientationPortrait UIInterfaceOrientationPortraitUpsideDown UIInterfaceOrientationLandscapeLeft UIInterfaceOrientationLandscapeRight";
				INFOPLIST_KEY_UISupportedInterfaceOrientations_iPhone = "UIInterfaceOrientationPortrait UIInterfaceOrientationLandscapeLeft UIInterfaceOrientationLandscapeRight";
				LD_RUNPATH_SEARCH_PATHS = (
					"$(inherited)",
					"@executable_path/Frameworks",
				);
				MARKETING_VERSION = 1.0;
				PRODUCT_BUNDLE_IDENTIFIER = "com.soy.Sparta10-Pokedex";
				PRODUCT_NAME = "$(TARGET_NAME)";
				SWIFT_EMIT_LOC_STRINGS = YES;
				SWIFT_VERSION = 5.0;
				TARGETED_DEVICE_FAMILY = "1,2";
			};
			name = Release;
		};
		B3D9083D2D2259FA007811A6 /* Debug */ = {
			isa = XCBuildConfiguration;
			buildSettings = {
				ALWAYS_SEARCH_USER_PATHS = NO;
				ASSETCATALOG_COMPILER_GENERATE_SWIFT_ASSET_SYMBOL_EXTENSIONS = YES;
				CLANG_ANALYZER_NONNULL = YES;
				CLANG_ANALYZER_NUMBER_OBJECT_CONVERSION = YES_AGGRESSIVE;
				CLANG_CXX_LANGUAGE_STANDARD = "gnu++20";
				CLANG_ENABLE_MODULES = YES;
				CLANG_ENABLE_OBJC_ARC = YES;
				CLANG_ENABLE_OBJC_WEAK = YES;
				CLANG_WARN_BLOCK_CAPTURE_AUTORELEASING = YES;
				CLANG_WARN_BOOL_CONVERSION = YES;
				CLANG_WARN_COMMA = YES;
				CLANG_WARN_CONSTANT_CONVERSION = YES;
				CLANG_WARN_DEPRECATED_OBJC_IMPLEMENTATIONS = YES;
				CLANG_WARN_DIRECT_OBJC_ISA_USAGE = YES_ERROR;
				CLANG_WARN_DOCUMENTATION_COMMENTS = YES;
				CLANG_WARN_EMPTY_BODY = YES;
				CLANG_WARN_ENUM_CONVERSION = YES;
				CLANG_WARN_INFINITE_RECURSION = YES;
				CLANG_WARN_INT_CONVERSION = YES;
				CLANG_WARN_NON_LITERAL_NULL_CONVERSION = YES;
				CLANG_WARN_OBJC_IMPLICIT_RETAIN_SELF = YES;
				CLANG_WARN_OBJC_LITERAL_CONVERSION = YES;
				CLANG_WARN_OBJC_ROOT_CLASS = YES_ERROR;
				CLANG_WARN_QUOTED_INCLUDE_IN_FRAMEWORK_HEADER = YES;
				CLANG_WARN_RANGE_LOOP_ANALYSIS = YES;
				CLANG_WARN_STRICT_PROTOTYPES = YES;
				CLANG_WARN_SUSPICIOUS_MOVE = YES;
				CLANG_WARN_UNGUARDED_AVAILABILITY = YES_AGGRESSIVE;
				CLANG_WARN_UNREACHABLE_CODE = YES;
				CLANG_WARN__DUPLICATE_METHOD_MATCH = YES;
				COPY_PHASE_STRIP = NO;
				DEBUG_INFORMATION_FORMAT = dwarf;
				ENABLE_STRICT_OBJC_MSGSEND = YES;
				ENABLE_TESTABILITY = YES;
				ENABLE_USER_SCRIPT_SANDBOXING = YES;
				GCC_C_LANGUAGE_STANDARD = gnu17;
				GCC_DYNAMIC_NO_PIC = NO;
				GCC_NO_COMMON_BLOCKS = YES;
				GCC_OPTIMIZATION_LEVEL = 0;
				GCC_PREPROCESSOR_DEFINITIONS = (
					"DEBUG=1",
					"$(inherited)",
				);
				GCC_WARN_64_TO_32_BIT_CONVERSION = YES;
				GCC_WARN_ABOUT_RETURN_TYPE = YES_ERROR;
				GCC_WARN_UNDECLARED_SELECTOR = YES;
				GCC_WARN_UNINITIALIZED_AUTOS = YES_AGGRESSIVE;
				GCC_WARN_UNUSED_FUNCTION = YES;
				GCC_WARN_UNUSED_VARIABLE = YES;
				IPHONEOS_DEPLOYMENT_TARGET = 18.1;
				LOCALIZATION_PREFERS_STRING_CATALOGS = YES;
				MTL_ENABLE_DEBUG_INFO = INCLUDE_SOURCE;
				MTL_FAST_MATH = YES;
				ONLY_ACTIVE_ARCH = YES;
				SDKROOT = iphoneos;
				SWIFT_ACTIVE_COMPILATION_CONDITIONS = "DEBUG $(inherited)";
				SWIFT_OPTIMIZATION_LEVEL = "-Onone";
			};
			name = Debug;
		};
		B3D9083E2D2259FA007811A6 /* Release */ = {
			isa = XCBuildConfiguration;
			buildSettings = {
				ALWAYS_SEARCH_USER_PATHS = NO;
				ASSETCATALOG_COMPILER_GENERATE_SWIFT_ASSET_SYMBOL_EXTENSIONS = YES;
				CLANG_ANALYZER_NONNULL = YES;
				CLANG_ANALYZER_NUMBER_OBJECT_CONVERSION = YES_AGGRESSIVE;
				CLANG_CXX_LANGUAGE_STANDARD = "gnu++20";
				CLANG_ENABLE_MODULES = YES;
				CLANG_ENABLE_OBJC_ARC = YES;
				CLANG_ENABLE_OBJC_WEAK = YES;
				CLANG_WARN_BLOCK_CAPTURE_AUTORELEASING = YES;
				CLANG_WARN_BOOL_CONVERSION = YES;
				CLANG_WARN_COMMA = YES;
				CLANG_WARN_CONSTANT_CONVERSION = YES;
				CLANG_WARN_DEPRECATED_OBJC_IMPLEMENTATIONS = YES;
				CLANG_WARN_DIRECT_OBJC_ISA_USAGE = YES_ERROR;
				CLANG_WARN_DOCUMENTATION_COMMENTS = YES;
				CLANG_WARN_EMPTY_BODY = YES;
				CLANG_WARN_ENUM_CONVERSION = YES;
				CLANG_WARN_INFINITE_RECURSION = YES;
				CLANG_WARN_INT_CONVERSION = YES;
				CLANG_WARN_NON_LITERAL_NULL_CONVERSION = YES;
				CLANG_WARN_OBJC_IMPLICIT_RETAIN_SELF = YES;
				CLANG_WARN_OBJC_LITERAL_CONVERSION = YES;
				CLANG_WARN_OBJC_ROOT_CLASS = YES_ERROR;
				CLANG_WARN_QUOTED_INCLUDE_IN_FRAMEWORK_HEADER = YES;
				CLANG_WARN_RANGE_LOOP_ANALYSIS = YES;
				CLANG_WARN_STRICT_PROTOTYPES = YES;
				CLANG_WARN_SUSPICIOUS_MOVE = YES;
				CLANG_WARN_UNGUARDED_AVAILABILITY = YES_AGGRESSIVE;
				CLANG_WARN_UNREACHABLE_CODE = YES;
				CLANG_WARN__DUPLICATE_METHOD_MATCH = YES;
				COPY_PHASE_STRIP = NO;
				DEBUG_INFORMATION_FORMAT = "dwarf-with-dsym";
				ENABLE_NS_ASSERTIONS = NO;
				ENABLE_STRICT_OBJC_MSGSEND = YES;
				ENABLE_USER_SCRIPT_SANDBOXING = YES;
				GCC_C_LANGUAGE_STANDARD = gnu17;
				GCC_NO_COMMON_BLOCKS = YES;
				GCC_WARN_64_TO_32_BIT_CONVERSION = YES;
				GCC_WARN_ABOUT_RETURN_TYPE = YES_ERROR;
				GCC_WARN_UNDECLARED_SELECTOR = YES;
				GCC_WARN_UNINITIALIZED_AUTOS = YES_AGGRESSIVE;
				GCC_WARN_UNUSED_FUNCTION = YES;
				GCC_WARN_UNUSED_VARIABLE = YES;
				IPHONEOS_DEPLOYMENT_TARGET = 18.1;
				LOCALIZATION_PREFERS_STRING_CATALOGS = YES;
				MTL_ENABLE_DEBUG_INFO = NO;
				MTL_FAST_MATH = YES;
				SDKROOT = iphoneos;
				SWIFT_COMPILATION_MODE = wholemodule;
				VALIDATE_PRODUCT = YES;
			};
			name = Release;
		};
		B3D908402D2259FA007811A6 /* Debug */ = {
			isa = XCBuildConfiguration;
			buildSettings = {
				BUNDLE_LOADER = "$(TEST_HOST)";
				CODE_SIGN_STYLE = Automatic;
				CURRENT_PROJECT_VERSION = 1;
				GENERATE_INFOPLIST_FILE = YES;
				IPHONEOS_DEPLOYMENT_TARGET = 18.1;
				MARKETING_VERSION = 1.0;
				PRODUCT_BUNDLE_IDENTIFIER = "com.soy.Sparta10-PokedexTests";
				PRODUCT_NAME = "$(TARGET_NAME)";
				SWIFT_EMIT_LOC_STRINGS = NO;
				SWIFT_VERSION = 5.0;
				TARGETED_DEVICE_FAMILY = "1,2";
				TEST_HOST = "$(BUILT_PRODUCTS_DIR)/Sparta10_Pokedex.app/$(BUNDLE_EXECUTABLE_FOLDER_PATH)/Sparta10_Pokedex";
			};
			name = Debug;
		};
		B3D908412D2259FA007811A6 /* Release */ = {
			isa = XCBuildConfiguration;
			buildSettings = {
				BUNDLE_LOADER = "$(TEST_HOST)";
				CODE_SIGN_STYLE = Automatic;
				CURRENT_PROJECT_VERSION = 1;
				GENERATE_INFOPLIST_FILE = YES;
				IPHONEOS_DEPLOYMENT_TARGET = 18.1;
				MARKETING_VERSION = 1.0;
				PRODUCT_BUNDLE_IDENTIFIER = "com.soy.Sparta10-PokedexTests";
				PRODUCT_NAME = "$(TARGET_NAME)";
				SWIFT_EMIT_LOC_STRINGS = NO;
				SWIFT_VERSION = 5.0;
				TARGETED_DEVICE_FAMILY = "1,2";
				TEST_HOST = "$(BUILT_PRODUCTS_DIR)/Sparta10_Pokedex.app/$(BUNDLE_EXECUTABLE_FOLDER_PATH)/Sparta10_Pokedex";
			};
			name = Release;
		};
		B3D908432D2259FA007811A6 /* Debug */ = {
			isa = XCBuildConfiguration;
			buildSettings = {
				CODE_SIGN_STYLE = Automatic;
				CURRENT_PROJECT_VERSION = 1;
				GENERATE_INFOPLIST_FILE = YES;
				MARKETING_VERSION = 1.0;
				PRODUCT_BUNDLE_IDENTIFIER = "com.soy.Sparta10-PokedexUITests";
				PRODUCT_NAME = "$(TARGET_NAME)";
				SWIFT_EMIT_LOC_STRINGS = NO;
				SWIFT_VERSION = 5.0;
				TARGETED_DEVICE_FAMILY = "1,2";
				TEST_TARGET_NAME = Sparta10_Pokedex;
			};
			name = Debug;
		};
		B3D908442D2259FA007811A6 /* Release */ = {
			isa = XCBuildConfiguration;
			buildSettings = {
				CODE_SIGN_STYLE = Automatic;
				CURRENT_PROJECT_VERSION = 1;
				GENERATE_INFOPLIST_FILE = YES;
				MARKETING_VERSION = 1.0;
				PRODUCT_BUNDLE_IDENTIFIER = "com.soy.Sparta10-PokedexUITests";
				PRODUCT_NAME = "$(TARGET_NAME)";
				SWIFT_EMIT_LOC_STRINGS = NO;
				SWIFT_VERSION = 5.0;
				TARGETED_DEVICE_FAMILY = "1,2";
				TEST_TARGET_NAME = Sparta10_Pokedex;
			};
			name = Release;
		};
/* End XCBuildConfiguration section */

/* Begin XCConfigurationList section */
		B3D9080C2D2259F8007811A6 /* Build configuration list for PBXProject "Sparta10_Pokedex" */ = {
			isa = XCConfigurationList;
			buildConfigurations = (
				B3D9083D2D2259FA007811A6 /* Debug */,
				B3D9083E2D2259FA007811A6 /* Release */,
			);
			defaultConfigurationIsVisible = 0;
			defaultConfigurationName = Release;
		};
		B3D9083A2D2259FA007811A6 /* Build configuration list for PBXNativeTarget "Sparta10_Pokedex" */ = {
			isa = XCConfigurationList;
			buildConfigurations = (
				B3D9083B2D2259FA007811A6 /* Debug */,
				B3D9083C2D2259FA007811A6 /* Release */,
			);
			defaultConfigurationIsVisible = 0;
			defaultConfigurationName = Release;
		};
		B3D9083F2D2259FA007811A6 /* Build configuration list for PBXNativeTarget "Sparta10_PokedexTests" */ = {
			isa = XCConfigurationList;
			buildConfigurations = (
				B3D908402D2259FA007811A6 /* Debug */,
				B3D908412D2259FA007811A6 /* Release */,
			);
			defaultConfigurationIsVisible = 0;
			defaultConfigurationName = Release;
		};
		B3D908422D2259FA007811A6 /* Build configuration list for PBXNativeTarget "Sparta10_PokedexUITests" */ = {
			isa = XCConfigurationList;
			buildConfigurations = (
				B3D908432D2259FA007811A6 /* Debug */,
				B3D908442D2259FA007811A6 /* Release */,
			);
			defaultConfigurationIsVisible = 0;
			defaultConfigurationName = Release;
		};
/* End XCConfigurationList section */

/* Begin XCRemoteSwiftPackageReference section */
		B3D908722D226857007811A6 /* XCRemoteSwiftPackageReference "RxSwift" */ = {
			isa = XCRemoteSwiftPackageReference;
			repositoryURL = "https://github.com/ReactiveX/RxSwift";
			requirement = {
				kind = upToNextMajorVersion;
				minimumVersion = 6.8.0;
			};
		};
/* End XCRemoteSwiftPackageReference section */

/* Begin XCSwiftPackageProductDependency section */
		B3D908732D226857007811A6 /* RxBlocking */ = {
			isa = XCSwiftPackageProductDependency;
			package = B3D908722D226857007811A6 /* XCRemoteSwiftPackageReference "RxSwift" */;
			productName = RxBlocking;
		};
		B3D908752D226857007811A6 /* RxCocoa */ = {
			isa = XCSwiftPackageProductDependency;
			package = B3D908722D226857007811A6 /* XCRemoteSwiftPackageReference "RxSwift" */;
			productName = RxCocoa;
		};
		B3D908772D226857007811A6 /* RxRelay */ = {
			isa = XCSwiftPackageProductDependency;
			package = B3D908722D226857007811A6 /* XCRemoteSwiftPackageReference "RxSwift" */;
			productName = RxRelay;
		};
/* End XCSwiftPackageProductDependency section */
	};
	rootObject = B3D908092D2259F8007811A6 /* Project object */;
}
